
Microsoft Visual Studio Solution File, Format Version 12.00
# Visual Studio 15
VisualStudioVersion = 15.0.27130.2027
MinimumVisualStudioVersion = 10.0.40219.1
Project("{FAE04EC0-301F-11D3-BF4B-00C04F79EFBC}") = "PersonalFinance-WebAPI", "PersonalFinance-WebAPI\PersonalFinance-WebAPI.csproj", "{1E28D9C0-6585-41EE-A277-66CC578925CF}"
EndProject
Project("{FAE04EC0-301F-11D3-BF4B-00C04F79EFBC}") = "PersonalFinance-UnitTest", "PersonalFinance-UnitTest\PersonalFinance-UnitTest.csproj", "{9213FE14-0111-45D4-B486-7279445E74E4}"
EndProject
Global
	GlobalSection(SolutionConfigurationPlatforms) = preSolution
		Debug|Any CPU = Debug|Any CPU
		Release|Any CPU = Release|Any CPU
	EndGlobalSection
	GlobalSection(ProjectConfigurationPlatforms) = postSolution
		{1E28D9C0-6585-41EE-A277-66CC578925CF}.Debug|Any CPU.ActiveCfg = Debug|Any CPU
		{1E28D9C0-6585-41EE-A277-66CC578925CF}.Debug|Any CPU.Build.0 = Debug|Any CPU
		{1E28D9C0-6585-41EE-A277-66CC578925CF}.Release|Any CPU.ActiveCfg = Release|Any CPU
		{1E28D9C0-6585-41EE-A277-66CC578925CF}.Release|Any CPU.Build.0 = Release|Any CPU
		{9213FE14-0111-45D4-B486-7279445E74E4}.Debug|Any CPU.ActiveCfg = Debug|Any CPU
		{9213FE14-0111-45D4-B486-7279445E74E4}.Debug|Any CPU.Build.0 = Debug|Any CPU
		{9213FE14-0111-45D4-B486-7279445E74E4}.Release|Any CPU.ActiveCfg = Release|Any CPU
		{9213FE14-0111-45D4-B486-7279445E74E4}.Release|Any CPU.Build.0 = Release|Any CPU
	EndGlobalSection
	GlobalSection(SolutionProperties) = preSolution
		HideSolutionNode = FALSE
	EndGlobalSection
	GlobalSection(ExtensibilityGlobals) = postSolution
		SolutionGuid = {7359BAFF-B8C9-4D49-AB89-2443EA8765F4}
	EndGlobalSection
EndGlobal
